
Microsoft Visual Studio Solution File, Format Version 12.00
# Visual Studio Version 17
VisualStudioVersion = 17.1.32328.378
MinimumVisualStudioVersion = 10.0.40219.1
Project("{FAE04EC0-301F-11D3-BF4B-00C04F79EFBC}") = "CK1", "CK1\CK1.csproj", "{673C3430-2B74-4580-A895-C5236D33879B}"
EndProject
Global
	GlobalSection(SolutionConfigurationPlatforms) = preSolution
		Debug|Any CPU = Debug|Any CPU
		Release|Any CPU = Release|Any CPU
	EndGlobalSection
	GlobalSection(ProjectConfigurationPlatforms) = postSolution
		{673C3430-2B74-4580-A895-C5236D33879B}.Debug|Any CPU.ActiveCfg = Debug|Any CPU
		{673C3430-2B74-4580-A895-C5236D33879B}.Debug|Any CPU.Build.0 = Debug|Any CPU
		{673C3430-2B74-4580-A895-C5236D33879B}.Release|Any CPU.ActiveCfg = Release|Any CPU
		{673C3430-2B74-4580-A895-C5236D33879B}.Release|Any CPU.Build.0 = Release|Any CPU
	EndGlobalSection
	GlobalSection(SolutionProperties) = preSolution
		HideSolutionNode = FALSE
	EndGlobalSection
	GlobalSection(ExtensibilityGlobals) = postSolution
		SolutionGuid = {24687815-0E27-4564-B3D9-14C4C324930B}
	EndGlobalSection
EndGlobal
